
Microsoft Visual Studio Solution File, Format Version 12.00
# Visual Studio 15
VisualStudioVersion = 15.0.27703.2026
MinimumVisualStudioVersion = 10.0.40219.1
Project("{FAE04EC0-301F-11D3-BF4B-00C04F79EFBC}") = "Leet.Code.Solutions", "Leet.Code.Solutions\Leet.Code.Solutions.csproj", "{3D071914-C0CC-4BF2-BC91-00B634A79E62}"
EndProject
Project("{FAE04EC0-301F-11D3-BF4B-00C04F79EFBC}") = "Leet.Code.Solutions.Tests", "Leet.Code.Solutions.Tests\Leet.Code.Solutions.Tests.csproj", "{C419F995-1DE4-4A43-9E5E-5D06B6A48AA7}"
EndProject
Global
	GlobalSection(SolutionConfigurationPlatforms) = preSolution
		Debug|Any CPU = Debug|Any CPU
		Release|Any CPU = Release|Any CPU
	EndGlobalSection
	GlobalSection(ProjectConfigurationPlatforms) = postSolution
		{3D071914-C0CC-4BF2-BC91-00B634A79E62}.Debug|Any CPU.ActiveCfg = Debug|Any CPU
		{3D071914-C0CC-4BF2-BC91-00B634A79E62}.Debug|Any CPU.Build.0 = Debug|Any CPU
		{3D071914-C0CC-4BF2-BC91-00B634A79E62}.Release|Any CPU.ActiveCfg = Release|Any CPU
		{3D071914-C0CC-4BF2-BC91-00B634A79E62}.Release|Any CPU.Build.0 = Release|Any CPU
		{C419F995-1DE4-4A43-9E5E-5D06B6A48AA7}.Debug|Any CPU.ActiveCfg = Debug|Any CPU
		{C419F995-1DE4-4A43-9E5E-5D06B6A48AA7}.Debug|Any CPU.Build.0 = Debug|Any CPU
		{C419F995-1DE4-4A43-9E5E-5D06B6A48AA7}.Release|Any CPU.ActiveCfg = Release|Any CPU
		{C419F995-1DE4-4A43-9E5E-5D06B6A48AA7}.Release|Any CPU.Build.0 = Release|Any CPU
	EndGlobalSection
	GlobalSection(SolutionProperties) = preSolution
		HideSolutionNode = FALSE
	EndGlobalSection
	GlobalSection(ExtensibilityGlobals) = postSolution
		SolutionGuid = {3BCFDFA0-6215-4B75-A5BB-6ECFDE37A826}
	EndGlobalSection
EndGlobal
